# This file is automatically @generated by Cargo.
# It is not intended for manual editing.
version = 4

[[package]]
name = "avr-delay"
version = "0.1.0"
source = "git+https://github.com/MCATSW/avr-delay.git#b8db86f882196b94f9c623fae66641d31530f22b"

[[package]]
name = "avr-pin"
version = "0.1.0"
source = "git+https://github.com/MCATSW/avr-pin.git#99b0149678f2dda3e8a97066639f98bc27cb95b2"

[[package]]
name = "avr-ws2812b"
version = "0.1.0"
dependencies = [
 "avr-delay",
 "avr-pin",
]
